// !$*UTF8*$!
{
	archiveVersion = 1;
	classes = {
	};
	objectVersion = 46;
	objects = {

/* Begin PBXBuildFile section */
		BF83E5711FC38A5200DF2F9A /* main.cpp in Sources */ = {isa = PBXBuildFile; fileRef = BF83E5701FC38A5200DF2F9A /* main.cpp */; };
/* End PBXBuildFile section */

/* Begin PBXCopyFilesBuildPhase section */
		BF83E56B1FC38A5200DF2F9A /* CopyFiles */ = {
			isa = PBXCopyFilesBuildPhase;
			buildActionMask = 2147483647;
			dstPath = /usr/share/man/man1/;
			dstSubfolderSpec = 0;
			files = (
			);
			runOnlyForDeploymentPostprocessing = 1;
		};
/* End PBXCopyFilesBuildPhase section */

/* Begin PBXFileReference section */
		BF83E56D1FC38A5200DF2F9A /* cs340project7 (knapsack dynamic programming) */ = {isa = PBXFileReference; explicitFileType = "compiled.mach-o.executable"; includeInIndex = 0; path = "cs340project7 (knapsack dynamic programming)"; sourceTree = BUILT_PRODUCTS_DIR; };
		BF83E5701FC38A5200DF2F9A /* main.cpp */ = {isa = PBXFileReference; lastKnownFileType = sourcecode.cpp.cpp; path = main.cpp; sourceTree = "<group>"; };
/* End PBXFileReference section */

/* Begin PBXFrameworksBuildPhase section */
		BF83E56A1FC38A5200DF2F9A /* Frameworks */ = {
			isa = PBXFrameworksBuildPhase;
			buildActionMask = 2147483647;
			files = (
			);
			runOnlyForDeploymentPostprocessing = 0;
		};
/* End PBXFrameworksBuildPhase section */

/* Begin PBXGroup section */
		BF83E5641FC38A5200DF2F9A = {
			isa = PBXGroup;
			children = (
				BF83E56F1FC38A5200DF2F9A /* cs340project7 (knapsack dynamic programming) */,
				BF83E56E1FC38A5200DF2F9A /* Products */,
			);
			sourceTree = "<group>";
		};
		BF83E56E1FC38A5200DF2F9A /* Products */ = {
			isa = PBXGroup;
			children = (
				BF83E56D1FC38A5200DF2F9A /* cs340project7 (knapsack dynamic programming) */,
			);
			name = Products;
			sourceTree = "<group>";
		};
		BF83E56F1FC38A5200DF2F9A /* cs340project7 (knapsack dynamic programming) */ = {
			isa = PBXGroup;
			children = (
				BF83E5701FC38A5200DF2F9A /* main.cpp */,
			);
			path = "cs340project7 (knapsack dynamic programming)";
			sourceTree = "<group>";
		};
/* End PBXGroup section */

/* Begin PBXNativeTarget section */
		BF83E56C1FC38A5200DF2F9A /* cs340project7 (knapsack dynamic programming) */ = {
			isa = PBXNativeTarget;
			buildConfigurationList = BF83E5741FC38A5200DF2F9A /* Build configuration list for PBXNativeTarget "cs340project7 (knapsack dynamic programming)" */;
			buildPhases = (
				BF83E5691FC38A5200DF2F9A /* Sources */,
				BF83E56A1FC38A5200DF2F9A /* Frameworks */,
				BF83E56B1FC38A5200DF2F9A /* CopyFiles */,
			);
			buildRules = (
			);
			dependencies = (
			);
			name = "cs340project7 (knapsack dynamic programming)";
			productName = "cs340project7 (knapsack dynamic programming)";
			productReference = BF83E56D1FC38A5200DF2F9A /* cs340project7 (knapsack dynamic programming) */;
			productType = "com.apple.product-type.tool";
		};
/* End PBXNativeTarget section */

/* Begin PBXProject section */
		BF83E5651FC38A5200DF2F9A /* Project object */ = {
			isa = PBXProject;
			attributes = {
				LastUpgradeCheck = 0830;
				ORGANIZATIONNAME = "Jimmy Callahan";
				TargetAttributes = {
					BF83E56C1FC38A5200DF2F9A = {
						CreatedOnToolsVersion = 8.3.2;
						ProvisioningStyle = Automatic;
					};
				};
			};
			buildConfigurationList = BF83E5681FC38A5200DF2F9A /* Build configuration list for PBXProject "cs340project7 (knapsack dynamic programming)" */;
			compatibilityVersion = "Xcode 3.2";
			developmentRegion = English;
			hasScannedForEncodings = 0;
			knownRegions = (
				en,
			);
			mainGroup = BF83E5641FC38A5200DF2F9A;
			productRefGroup = BF83E56E1FC38A5200DF2F9A /* Products */;
			projectDirPath = "";
			projectRoot = "";
			targets = (
				BF83E56C1FC38A5200DF2F9A /* cs340project7 (knapsack dynamic programming) */,
			);
		};
/* End PBXProject section */

/* Begin PBXSourcesBuildPhase section */
		BF83E5691FC38A5200DF2F9A /* Sources */ = {
			isa = PBXSourcesBuildPhase;
			buildActionMask = 2147483647;
			files = (
				BF83E5711FC38A5200DF2F9A /* main.cpp in Sources */,
			);
			runOnlyForDeploymentPostprocessing = 0;
		};
/* End PBXSourcesBuildPhase section */

/* Begin XCBuildConfiguration section */
		BF83E5721FC38A5200DF2F9A /* Debug */ = {
			isa = XCBuildConfiguration;
			buildSettings = {
				ALWAYS_SEARCH_USER_PATHS = NO;
				CLANG_ANALYZER_NONNULL = YES;
				CLANG_ANALYZER_NUMBER_OBJECT_CONVERSION = YES_AGGRESSIVE;
				CLANG_CXX_LANGUAGE_STANDARD = "gnu++0x";
				CLANG_CXX_LIBRARY = "libc++";
				CLANG_ENABLE_MODULES = YES;
				CLANG_ENABLE_OBJC_ARC = YES;
				CLANG_WARN_BOOL_CONVERSION = YES;
				CLANG_WARN_CONSTANT_CONVERSION = YES;
				CLANG_WARN_DIRECT_OBJC_ISA_USAGE = YES_ERROR;
				CLANG_WARN_DOCUMENTATION_COMMENTS = YES;
				CLANG_WARN_EMPTY_BODY = YES;
				CLANG_WARN_ENUM_CONVERSION = YES;
				CLANG_WARN_INFINITE_RECURSION = YES;
				CLANG_WARN_INT_CONVERSION = YES;
				CLANG_WARN_OBJC_ROOT_CLASS = YES_ERROR;
				CLANG_WARN_SUSPICIOUS_MOVE = YES;
				CLANG_WARN_UNREACHABLE_CODE = YES;
				CLANG_WARN__DUPLICATE_METHOD_MATCH = YES;
				CODE_SIGN_IDENTITY = "-";
				COPY_PHASE_STRIP = NO;
				DEBUG_INFORMATION_FORMAT = dwarf;
				ENABLE_STRICT_OBJC_MSGSEND = YES;
				ENABLE_TESTABILITY = YES;
				GCC_C_LANGUAGE_STANDARD = gnu99;
				GCC_DYNAMIC_NO_PIC = NO;
				GCC_NO_COMMON_BLOCKS = YES;
				GCC_OPTIMIZATION_LEVEL = 0;
				GCC_PREPROCESSOR_DEFINITIONS = (
					"DEBUG=1",
					"$(inherited)",
				);
				GCC_WARN_64_TO_32_BIT_CONVERSION = YES;
				GCC_WARN_ABOUT_RETURN_TYPE = YES_ERROR;
				GCC_WARN_UNDECLARED_SELECTOR = YES;
				GCC_WARN_UNINITIALIZED_AUTOS = YES_AGGRESSIVE;
				GCC_WARN_UNUSED_FUNCTION = YES;
				GCC_WARN_UNUSED_VARIABLE = YES;
				MACOSX_DEPLOYMENT_TARGET = 10.12;
				MTL_ENABLE_DEBUG_INFO = YES;
				ONLY_ACTIVE_ARCH = YES;
				SDKROOT = macosx;
			};
			name = Debug;
		};
		BF83E5731FC38A5200DF2F9A /* Release */ = {
			isa = XCBuildConfiguration;
			buildSettings = {
				ALWAYS_SEARCH_USER_PATHS = NO;
				CLANG_ANALYZER_NONNULL = YES;
				CLANG_ANALYZER_NUMBER_OBJECT_CONVERSION = YES_AGGRESSIVE;
				CLANG_CXX_LANGUAGE_STANDARD = "gnu++0x";
				CLANG_CXX_LIBRARY = "libc++";
				CLANG_ENABLE_MODULES = YES;
				CLANG_ENABLE_OBJC_ARC = YES;
				CLANG_WARN_BOOL_CONVERSION = YES;
				CLANG_WARN_CONSTANT_CONVERSION = YES;
				CLANG_WARN_DIRECT_OBJC_ISA_USAGE = YES_ERROR;
				CLANG_WARN_DOCUMENTATION_COMMENTS = YES;
				CLANG_WARN_EMPTY_BODY = YES;
				CLANG_WARN_ENUM_CONVERSION = YES;
				CLANG_WARN_INFINITE_RECURSION = YES;
				CLANG_WARN_INT_CONVERSION = YES;
				CLANG_WARN_OBJC_ROOT_CLASS = YES_ERROR;
				CLANG_WARN_SUSPICIOUS_MOVE = YES;
				CLANG_WARN_UNREACHABLE_CODE = YES;
				CLANG_WARN__DUPLICATE_METHOD_MATCH = YES;
				CODE_SIGN_IDENTITY = "-";
				COPY_PHASE_STRIP = NO;
				DEBUG_INFORMATION_FORMAT = "dwarf-with-dsym";
				ENABLE_NS_ASSERTIONS = NO;
				ENABLE_STRICT_OBJC_MSGSEND = YES;
				GCC_C_LANGUAGE_STANDARD = gnu99;
				GCC_NO_COMMON_BLOCKS = YES;
				GCC_WARN_64_TO_32_BIT_CONVERSION = YES;
				GCC_WARN_ABOUT_RETURN_TYPE = YES_ERROR;
				GCC_WARN_UNDECLARED_SELECTOR = YES;
				GCC_WARN_UNINITIALIZED_AUTOS = YES_AGGRESSIVE;
				GCC_WARN_UNUSED_FUNCTION = YES;
				GCC_WARN_UNUSED_VARIABLE = YES;
				MACOSX_DEPLOYMENT_TARGET = 10.12;
				MTL_ENABLE_DEBUG_INFO = NO;
				SDKROOT = macosx;
			};
			name = Release;
		};
		BF83E5751FC38A5200DF2F9A /* Debug */ = {
			isa = XCBuildConfiguration;
			buildSettings = {
				PRODUCT_NAME = "$(TARGET_NAME)";
			};
			name = Debug;
		};
		BF83E5761FC38A5200DF2F9A /* Release */ = {
			isa = XCBuildConfiguration;
			buildSettings = {
				PRODUCT_NAME = "$(TARGET_NAME)";
			};
			name = Release;
		};
/* End XCBuildConfiguration section */

/* Begin XCConfigurationList section */
		BF83E5681FC38A5200DF2F9A /* Build configuration list for PBXProject "cs340project7 (knapsack dynamic programming)" */ = {
			isa = XCConfigurationList;
			buildConfigurations = (
				BF83E5721FC38A5200DF2F9A /* Debug */,
				BF83E5731FC38A5200DF2F9A /* Release */,
			);
			defaultConfigurationIsVisible = 0;
			defaultConfigurationName = Release;
		};
		BF83E5741FC38A5200DF2F9A /* Build configuration list for PBXNativeTarget "cs340project7 (knapsack dynamic programming)" */ = {
			isa = XCConfigurationList;
			buildConfigurations = (
				BF83E5751FC38A5200DF2F9A /* Debug */,
				BF83E5761FC38A5200DF2F9A /* Release */,
			);
			defaultConfigurationIsVisible = 0;
		};
/* End XCConfigurationList section */
	};
	rootObject = BF83E5651FC38A5200DF2F9A /* Project object */;
}
